
Microsoft Visual Studio Solution File, Format Version 12.00
# Visual Studio 15
Project("{FAE04EC0-301F-11D3-BF4B-00C04F79EFBC}") = "Assembly-CSharp", "Assembly-CSharp.csproj", "{F5283B0F-BE30-4EB9-C34A-8C92A5953AB9}"
EndProject
Global
	GlobalSection(SolutionConfigurationPlatforms) = preSolution
		Debug|Any CPU = Debug|Any CPU
		Release|Any CPU = Release|Any CPU
	EndGlobalSection
	GlobalSection(ProjectConfigurationPlatforms) = postSolution
		{F5283B0F-BE30-4EB9-C34A-8C92A5953AB9}.Debug|Any CPU.ActiveCfg = Debug|Any CPU
		{F5283B0F-BE30-4EB9-C34A-8C92A5953AB9}.Debug|Any CPU.Build.0 = Debug|Any CPU
		{F5283B0F-BE30-4EB9-C34A-8C92A5953AB9}.Release|Any CPU.ActiveCfg = Release|Any CPU
		{F5283B0F-BE30-4EB9-C34A-8C92A5953AB9}.Release|Any CPU.Build.0 = Release|Any CPU
	EndGlobalSection
	GlobalSection(SolutionProperties) = preSolution
		HideSolutionNode = FALSE
	EndGlobalSection
EndGlobal
